
Microsoft Visual Studio Solution File, Format Version 12.00
# Visual Studio 15
VisualStudioVersion = 15.0.28307.489
MinimumVisualStudioVersion = 10.0.40219.1
Project("{FAE04EC0-301F-11D3-BF4B-00C04F79EFBC}") = "MqttTool", "MqttTool\MqttTool.csproj", "{4DF4D3B2-C958-4B81-A0EC-199FE8D5F9A6}"
EndProject
Global
	GlobalSection(SolutionConfigurationPlatforms) = preSolution
		Debug|Any CPU = Debug|Any CPU
		Release|Any CPU = Release|Any CPU
	EndGlobalSection
	GlobalSection(ProjectConfigurationPlatforms) = postSolution
		{4DF4D3B2-C958-4B81-A0EC-199FE8D5F9A6}.Debug|Any CPU.ActiveCfg = Debug|Any CPU
		{4DF4D3B2-C958-4B81-A0EC-199FE8D5F9A6}.Debug|Any CPU.Build.0 = Debug|Any CPU
		{4DF4D3B2-C958-4B81-A0EC-199FE8D5F9A6}.Release|Any CPU.ActiveCfg = Release|Any CPU
		{4DF4D3B2-C958-4B81-A0EC-199FE8D5F9A6}.Release|Any CPU.Build.0 = Release|Any CPU
	EndGlobalSection
	GlobalSection(SolutionProperties) = preSolution
		HideSolutionNode = FALSE
	EndGlobalSection
	GlobalSection(ExtensibilityGlobals) = postSolution
		SolutionGuid = {C50A8729-39BB-43E9-9485-C216F462F3AB}
	EndGlobalSection
EndGlobal
